// !$*UTF8*$!
{
	archiveVersion = 1;
	classes = {
	};
	objectVersion = 110;
	objects = {

/* Begin PBXBuildFile section */
		5A0000020000000000000003 /* MonoDesign in Frameworks */ = {isa = PBXBuildFile; productRef = 5A0000020000000000000002 /* MonoDesign */; };
		5A0000020000000000000006 /* MonoTranscript in Frameworks */ = {isa = PBXBuildFile; productRef = 5A0000020000000000000005 /* MonoTranscript */; };
/* End PBXBuildFile section */

/* Begin PBXContainerItemProxy section */
		5A0000030000000000000001 /* PBXContainerItemProxy */ = {
			isa = PBXContainerItemProxy;
			containerPortal = 59786EB530744DAD000C3680 /* Project object */;
			proxyType = 1;
			remoteGlobalIDString = 59786EBC30744DAD000C3680;
			remoteInfo = MonoCode;
		};
/* End PBXContainerItemProxy section */

/* Begin PBXFileReference section */
		59786ECF3074531D000C3680 /* MonoCodeUITests.xctest */ = {isa = PBXFileReference; explicitFileType = wrapper.cfbundle; includeInIndex = 0; path = MonoCodeUITests.xctest; sourceTree = BUILT_PRODUCTS_DIR; };
		5A0000010000000000000001 /* Shared.xcconfig */ = {isa = PBXFileReference; lastKnownFileType = text.xcconfig; path = Shared.xcconfig; sourceTree = "<group>"; };
		5A0000010000000000000002 /* Personal.xcconfig */ = {isa = PBXFileReference; lastKnownFileType = text.xcconfig; path = Personal.xcconfig; sourceTree = "<group>"; };
		59786EBD30744DAD000C3680 /* MonoCode.app */ = {isa = PBXFileReference; explicitFileType = wrapper.application; includeInIndex = 0; path = MonoCode.app; sourceTree = BUILT_PRODUCTS_DIR; };
/* End PBXFileReference section */

/* Begin PBXFileSystemSynchronizedBuildFileExceptionSet section */
		5A0000010000000000000004 /* Exceptions for "MonoCode" folder in "MonoCode" target */ = {
			isa = PBXFileSystemSynchronizedBuildFileExceptionSet;
			membershipExceptions = (
				Resources/Info.plist,
			);
			target = 59786EBC30744DAD000C3680 /* MonoCode */;
		};
/* End PBXFileSystemSynchronizedBuildFileExceptionSet section */

/* Begin PBXFileSystemSynchronizedRootGroup section */
		59786EBF30744DAD000C3680 /* MonoCode */ = {
			isa = PBXFileSystemSynchronizedRootGroup;
			exceptions = (
				5A0000010000000000000004 /* Exceptions for "MonoCode" folder in "MonoCode" target */,
			);
			path = MonoCode;
			sourceTree = "<group>";
		};
		59786ED03074531D000C3680 /* MonoCodeUITests */ = {
			isa = PBXFileSystemSynchronizedRootGroup;
			path = MonoCodeUITests;
			sourceTree = "<group>";
		};
/* End PBXFileSystemSynchronizedRootGroup section */

/* Begin PBXFrameworksBuildPhase section */
		59786EBA30744DAD000C3680 /* Frameworks */ = {
			isa = PBXFrameworksBuildPhase;
			files = (
				5A0000020000000000000003 /* MonoDesign in Frameworks */,
				5A0000020000000000000006 /* MonoTranscript in Frameworks */,
			);
		};
		59786ECC3074531D000C3680 /* Frameworks */ = {
			isa = PBXFrameworksBuildPhase;
			files = (
			);
		};
/* End PBXFrameworksBuildPhase section */

/* Begin PBXGroup section */
		59786EB430744DAD000C3680 = {
			isa = PBXGroup;
			children = (
				5A0000010000000000000003 /* Config */,
				59786EBF30744DAD000C3680 /* MonoCode */,
				59786ED03074531D000C3680 /* MonoCodeUITests */,
				59786EBE30744DAD000C3680 /* Products */,
			);
			sourceTree = "<group>";
		};
		59786EBE30744DAD000C3680 /* Products */ = {
			isa = PBXGroup;
			children = (
				59786EBD30744DAD000C3680 /* MonoCode.app */,
				59786ECF3074531D000C3680 /* MonoCodeUITests.xctest */,
			);
			name = Products;
			sourceTree = "<group>";
		};
		5A0000010000000000000003 /* Config */ = {
			isa = PBXGroup;
			children = (
				5A0000010000000000000001 /* Shared.xcconfig */,
				5A0000010000000000000002 /* Personal.xcconfig */,
			);
			path = Config;
			sourceTree = "<group>";
		};
/* End PBXGroup section */

/* Begin PBXNativeTarget section */
		59786EBC30744DAD000C3680 /* MonoCode */ = {
			isa = PBXNativeTarget;
			buildConfigurationList = 59786EC830744DB0000C3680 /* Build configuration list for PBXNativeTarget "MonoCode" */;
			buildPhases = (
				59786EB930744DAD000C3680 /* Sources */,
				59786EBA30744DAD000C3680 /* Frameworks */,
				59786EBB30744DAD000C3680 /* Resources */,
			);
			buildRules = (
			);
			fileSystemSynchronizedGroups = (
				59786EBF30744DAD000C3680 /* MonoCode */,
			);
			name = MonoCode;
			packageProductDependencies = (
				5A0000020000000000000002 /* MonoDesign */,
				5A0000020000000000000005 /* MonoTranscript */,
			);
			productName = MonoCode;
			productReference = 59786EBD30744DAD000C3680 /* MonoCode.app */;
			productType = "com.apple.product-type.application";
		};
		59786ECE3074531D000C3680 /* MonoCodeUITests */ = {
			isa = PBXNativeTarget;
			buildConfigurationList = 59786ED33074531D000C3680 /* Build configuration list for PBXNativeTarget "MonoCodeUITests" */;
			buildPhases = (
				59786ECB3074531D000C3680 /* Sources */,
				59786ECC3074531D000C3680 /* Frameworks */,
				59786ECD3074531D000C3680 /* Resources */,
			);
			buildRules = (
			);
			dependencies = (
				5A0000030000000000000002 /* PBXTargetDependency */,
			);
			fileSystemSynchronizedGroups = (
				59786ED03074531D000C3680 /* MonoCodeUITests */,
			);
			name = MonoCodeUITests;
			productName = MonoCodeUITests;
			productReference = 59786ECF3074531D000C3680 /* MonoCodeUITests.xctest */;
			productType = "com.apple.product-type.bundle.ui-testing";
		};
/* End PBXNativeTarget section */

/* Begin PBXProject section */
		59786EB530744DAD000C3680 /* Project object */ = {
			isa = PBXProject;
			attributes = {
				BuildIndependentTargetsInParallel = 1;
				LastSwiftUpdateCheck = 2700;
				LastUpgradeCheck = 2700;
				TargetAttributes = {
					59786EBC30744DAD000C3680 = {
						CreatedOnToolsVersion = 27.0;
					};
					59786ECE3074531D000C3680 = {
						CreatedOnToolsVersion = 27.0;
						TestTargetID = 59786EBC30744DAD000C3680;
					};
				};
			};
			buildConfigurationList = 59786EB830744DAD000C3680 /* Build configuration list for PBXProject "MonoCode" */;
			developmentRegion = en;
			hasScannedForEncodings = 0;
			knownRegions = (
				en,
				Base,
			);
			mainGroup = 59786EB430744DAD000C3680;
			minimizedProjectReferenceProxies = 1;
			packageReferences = (
				5A0000020000000000000001 /* XCLocalSwiftPackageReference "Packages/MonoDesign" */,
				5A0000020000000000000004 /* XCLocalSwiftPackageReference "Packages/MonoTranscript" */,
			);
			preferredProjectObjectVersion = 77;
			productRefGroup = 59786EBE30744DAD000C3680 /* Products */;
			projectDirPath = "";
			projectRoot = "";
			targets = (
				59786EBC30744DAD000C3680 /* MonoCode */,
				59786ECE3074531D000C3680 /* MonoCodeUITests */,
			);
		};
/* End PBXProject section */

/* Begin PBXResourcesBuildPhase section */
		59786EBB30744DAD000C3680 /* Resources */ = {
			isa = PBXResourcesBuildPhase;
			files = (
			);
		};
		59786ECD3074531D000C3680 /* Resources */ = {
			isa = PBXResourcesBuildPhase;
			files = (
			);
		};
/* End PBXResourcesBuildPhase section */

/* Begin PBXSourcesBuildPhase section */
		59786EB930744DAD000C3680 /* Sources */ = {
			isa = PBXSourcesBuildPhase;
			files = (
			);
		};
		59786ECB3074531D000C3680 /* Sources */ = {
			isa = PBXSourcesBuildPhase;
			files = (
			);
		};
/* End PBXSourcesBuildPhase section */

/* Begin PBXTargetDependency section */
		5A0000030000000000000002 /* PBXTargetDependency */ = {
			isa = PBXTargetDependency;
			target = 59786EBC30744DAD000C3680 /* MonoCode */;
			targetProxy = 5A0000030000000000000001 /* PBXContainerItemProxy */;
		};
/* End PBXTargetDependency section */

/* Begin XCBuildConfiguration section */
		59786EC630744DB0000C3680 /* Debug configuration for PBXProject "MonoCode" */ = {
			isa = XCBuildConfiguration;
			baseConfigurationReference = 5A0000010000000000000001 /* Shared.xcconfig */;
			buildSettings = {
				ALWAYS_SEARCH_USER_PATHS = NO;
				ASSETCATALOG_COMPILER_GENERATE_SWIFT_ASSET_SYMBOL_EXTENSIONS = YES;
				CLANG_ANALYZER_NONNULL = YES;
				CLANG_ANALYZER_NUMBER_OBJECT_CONVERSION = YES_AGGRESSIVE;
				CLANG_CXX_LANGUAGE_STANDARD = "gnu++20";
				CLANG_ENABLE_MODULES = YES;
				CLANG_ENABLE_OBJC_ARC = YES;
				CLANG_ENABLE_OBJC_WEAK = YES;
				CLANG_WARN_BLOCK_CAPTURE_AUTORELEASING = YES;
				CLANG_WARN_BOOL_CONVERSION = YES;
				CLANG_WARN_COMMA = YES;
				CLANG_WARN_CONSTANT_CONVERSION = YES;
				CLANG_WARN_DEPRECATED_OBJC_IMPLEMENTATIONS = YES;
				CLANG_WARN_DIRECT_OBJC_ISA_USAGE = YES_ERROR;
				CLANG_WARN_DOCUMENTATION_COMMENTS = YES;
				CLANG_WARN_EMPTY_BODY = YES;
				CLANG_WARN_ENUM_CONVERSION = YES;
				CLANG_WARN_INFINITE_RECURSION = YES;
				CLANG_WARN_INT_CONVERSION = YES;
				CLANG_WARN_NON_LITERAL_NULL_CONVERSION = YES;
				CLANG_WARN_OBJC_IMPLICIT_RETAIN_SELF = YES;
				CLANG_WARN_OBJC_LITERAL_CONVERSION = YES;
				CLANG_WARN_OBJC_ROOT_CLASS = YES_ERROR;
				CLANG_WARN_QUOTED_INCLUDE_IN_FRAMEWORK_HEADER = YES;
				CLANG_WARN_RANGE_LOOP_ANALYSIS = YES;
				CLANG_WARN_STRICT_PROTOTYPES = YES;
				CLANG_WARN_SUSPICIOUS_MOVE = YES;
				CLANG_WARN_UNGUARDED_AVAILABILITY = YES_AGGRESSIVE;
				CLANG_WARN_UNREACHABLE_CODE = YES;
				CLANG_WARN__DUPLICATE_METHOD_MATCH = YES;
				COPY_PHASE_STRIP = NO;
				DEBUG_INFORMATION_FORMAT = dwarf;
				ENABLE_STRICT_OBJC_MSGSEND = YES;
				ENABLE_TESTABILITY = YES;
				ENABLE_USER_SCRIPT_SANDBOXING = YES;
				GCC_C_LANGUAGE_STANDARD = gnu17;
				GCC_DYNAMIC_NO_PIC = NO;
				GCC_NO_COMMON_BLOCKS = YES;
				GCC_OPTIMIZATION_LEVEL = 0;
				GCC_PREPROCESSOR_DEFINITIONS = (
					"DEBUG=1",
					"$(inherited)",
				);
				GCC_WARN_64_TO_32_BIT_CONVERSION = YES;
				GCC_WARN_ABOUT_RETURN_TYPE = YES_ERROR;
				GCC_WARN_UNDECLARED_SELECTOR = YES;
				GCC_WARN_UNINITIALIZED_AUTOS = YES_AGGRESSIVE;
				GCC_WARN_UNUSED_FUNCTION = YES;
				GCC_WARN_UNUSED_VARIABLE = YES;
				LOCALIZATION_PREFERS_STRING_CATALOGS = YES;
				MTL_ENABLE_DEBUG_INFO = INCLUDE_SOURCE;
				MTL_FAST_MATH = YES;
				ONLY_ACTIVE_ARCH = YES;
				SDKROOT = iphoneos;
				SWIFT_ACTIVE_COMPILATION_CONDITIONS = "DEBUG $(inherited)";
				SWIFT_OPTIMIZATION_LEVEL = "-Onone";
			};
			name = Debug;
		};
		59786EC730744DB0000C3680 /* Release configuration for PBXProject "MonoCode" */ = {
			isa = XCBuildConfiguration;
			baseConfigurationReference = 5A0000010000000000000001 /* Shared.xcconfig */;
			buildSettings = {
				ALWAYS_SEARCH_USER_PATHS = NO;
				ASSETCATALOG_COMPILER_GENERATE_SWIFT_ASSET_SYMBOL_EXTENSIONS = YES;
				CLANG_ANALYZER_NONNULL = YES;
				CLANG_ANALYZER_NUMBER_OBJECT_CONVERSION = YES_AGGRESSIVE;
				CLANG_CXX_LANGUAGE_STANDARD = "gnu++20";
				CLANG_ENABLE_MODULES = YES;
				CLANG_ENABLE_OBJC_ARC = YES;
				CLANG_ENABLE_OBJC_WEAK = YES;
				CLANG_WARN_BLOCK_CAPTURE_AUTORELEASING = YES;
				CLANG_WARN_BOOL_CONVERSION = YES;
				CLANG_WARN_COMMA = YES;
				CLANG_WARN_CONSTANT_CONVERSION = YES;
				CLANG_WARN_DEPRECATED_OBJC_IMPLEMENTATIONS = YES;
				CLANG_WARN_DIRECT_OBJC_ISA_USAGE = YES_ERROR;
				CLANG_WARN_DOCUMENTATION_COMMENTS = YES;
				CLANG_WARN_EMPTY_BODY = YES;
				CLANG_WARN_ENUM_CONVERSION = YES;
				CLANG_WARN_INFINITE_RECURSION = YES;
				CLANG_WARN_INT_CONVERSION = YES;
				CLANG_WARN_NON_LITERAL_NULL_CONVERSION = YES;
				CLANG_WARN_OBJC_IMPLICIT_RETAIN_SELF = YES;
				CLANG_WARN_OBJC_LITERAL_CONVERSION = YES;
				CLANG_WARN_OBJC_ROOT_CLASS = YES_ERROR;
				CLANG_WARN_QUOTED_INCLUDE_IN_FRAMEWORK_HEADER = YES;
				CLANG_WARN_RANGE_LOOP_ANALYSIS = YES;
				CLANG_WARN_STRICT_PROTOTYPES = YES;
				CLANG_WARN_SUSPICIOUS_MOVE = YES;
				CLANG_WARN_UNGUARDED_AVAILABILITY = YES_AGGRESSIVE;
				CLANG_WARN_UNREACHABLE_CODE = YES;
				CLANG_WARN__DUPLICATE_METHOD_MATCH = YES;
				COPY_PHASE_STRIP = NO;
				DEBUG_INFORMATION_FORMAT = "dwarf-with-dsym";
				ENABLE_NS_ASSERTIONS = NO;
				ENABLE_STRICT_OBJC_MSGSEND = YES;
				ENABLE_USER_SCRIPT_SANDBOXING = YES;
				GCC_C_LANGUAGE_STANDARD = gnu17;
				GCC_NO_COMMON_BLOCKS = YES;
				GCC_WARN_64_TO_32_BIT_CONVERSION = YES;
				GCC_WARN_ABOUT_RETURN_TYPE = YES_ERROR;
				GCC_WARN_UNDECLARED_SELECTOR = YES;
				GCC_WARN_UNINITIALIZED_AUTOS = YES_AGGRESSIVE;
				GCC_WARN_UNUSED_FUNCTION = YES;
				GCC_WARN_UNUSED_VARIABLE = YES;
				LOCALIZATION_PREFERS_STRING_CATALOGS = YES;
				MTL_ENABLE_DEBUG_INFO = NO;
				MTL_FAST_MATH = YES;
				SDKROOT = iphoneos;
				SWIFT_COMPILATION_MODE = wholemodule;
				VALIDATE_PRODUCT = YES;
			};
			name = Release;
		};
		59786EC930744DB0000C3680 /* Debug configuration for PBXNativeTarget "MonoCode" */ = {
			isa = XCBuildConfiguration;
			baseConfigurationReference = 5A0000010000000000000002 /* Personal.xcconfig */;
			buildSettings = {
				ASSETCATALOG_COMPILER_APPICON_NAME = AppIcon;
				ASSETCATALOG_COMPILER_GLOBAL_ACCENT_COLOR_NAME = AccentColor;
				CODE_SIGN_STYLE = Automatic;
				ENABLE_PREVIEWS = YES;
				GENERATE_INFOPLIST_FILE = YES;
				INFOPLIST_KEY_UIApplicationSceneManifest_Generation = YES;
				INFOPLIST_KEY_UIApplicationSupportsIndirectInputEvents = YES;
				INFOPLIST_KEY_UILaunchScreen_Generation = YES;
				LD_RUNPATH_SEARCH_PATHS = (
					"$(inherited)",
					"@executable_path/Frameworks",
				);
				PRODUCT_NAME = "$(TARGET_NAME)";
				STRING_CATALOG_GENERATE_SYMBOLS = YES;
				SWIFT_APPROACHABLE_CONCURRENCY = YES;
				SWIFT_DEFAULT_ACTOR_ISOLATION = MainActor;
				SWIFT_EMIT_LOC_STRINGS = YES;
				SWIFT_UPCOMING_FEATURE_MEMBER_IMPORT_VISIBILITY = YES;
			};
			name = Debug;
		};
		59786ECA30744DB0000C3680 /* Release configuration for PBXNativeTarget "MonoCode" */ = {
			isa = XCBuildConfiguration;
			baseConfigurationReference = 5A0000010000000000000002 /* Personal.xcconfig */;
			buildSettings = {
				ASSETCATALOG_COMPILER_APPICON_NAME = AppIcon;
				ASSETCATALOG_COMPILER_GLOBAL_ACCENT_COLOR_NAME = AccentColor;
				CODE_SIGN_STYLE = Automatic;
				ENABLE_PREVIEWS = YES;
				GENERATE_INFOPLIST_FILE = YES;
				INFOPLIST_KEY_UIApplicationSceneManifest_Generation = YES;
				INFOPLIST_KEY_UIApplicationSupportsIndirectInputEvents = YES;
				INFOPLIST_KEY_UILaunchScreen_Generation = YES;
				LD_RUNPATH_SEARCH_PATHS = (
					"$(inherited)",
					"@executable_path/Frameworks",
				);
				PRODUCT_NAME = "$(TARGET_NAME)";
				STRING_CATALOG_GENERATE_SYMBOLS = YES;
				SWIFT_APPROACHABLE_CONCURRENCY = YES;
				SWIFT_DEFAULT_ACTOR_ISOLATION = MainActor;
				SWIFT_EMIT_LOC_STRINGS = YES;
				SWIFT_UPCOMING_FEATURE_MEMBER_IMPORT_VISIBILITY = YES;
			};
			name = Release;
		};
		59786ED43074531D000C3680 /* Debug configuration for PBXNativeTarget "MonoCodeUITests" */ = {
			isa = XCBuildConfiguration;
			baseConfigurationReference = 5A0000010000000000000002 /* Personal.xcconfig */;
			buildSettings = {
				CODE_SIGN_STYLE = Automatic;
				GENERATE_INFOPLIST_FILE = YES;
				INFOPLIST_FILE = "";
				PRODUCT_BUNDLE_IDENTIFIER = "$(MC_BUNDLE_ID).UITests";
				PRODUCT_NAME = "$(TARGET_NAME)";
				SWIFT_EMIT_LOC_STRINGS = NO;
				TEST_TARGET_NAME = MonoCode;
			};
			name = Debug;
		};
		59786ED53074531D000C3680 /* Release configuration for PBXNativeTarget "MonoCodeUITests" */ = {
			isa = XCBuildConfiguration;
			baseConfigurationReference = 5A0000010000000000000002 /* Personal.xcconfig */;
			buildSettings = {
				CODE_SIGN_STYLE = Automatic;
				GENERATE_INFOPLIST_FILE = YES;
				INFOPLIST_FILE = "";
				PRODUCT_BUNDLE_IDENTIFIER = "$(MC_BUNDLE_ID).UITests";
				PRODUCT_NAME = "$(TARGET_NAME)";
				SWIFT_EMIT_LOC_STRINGS = NO;
				TEST_TARGET_NAME = MonoCode;
			};
			name = Release;
		};
/* End XCBuildConfiguration section */

/* Begin XCConfigurationList section */
		59786EB830744DAD000C3680 /* Build configuration list for PBXProject "MonoCode" */ = {
			isa = XCConfigurationList;
			buildConfigurations = (
				59786EC630744DB0000C3680 /* Debug configuration for PBXProject "MonoCode" */,
				59786EC730744DB0000C3680 /* Release configuration for PBXProject "MonoCode" */,
			);
			defaultConfigurationName = Release;
		};
		59786EC830744DB0000C3680 /* Build configuration list for PBXNativeTarget "MonoCode" */ = {
			isa = XCConfigurationList;
			buildConfigurations = (
				59786EC930744DB0000C3680 /* Debug configuration for PBXNativeTarget "MonoCode" */,
				59786ECA30744DB0000C3680 /* Release configuration for PBXNativeTarget "MonoCode" */,
			);
			defaultConfigurationName = Release;
		};
		59786ED33074531D000C3680 /* Build configuration list for PBXNativeTarget "MonoCodeUITests" */ = {
			isa = XCConfigurationList;
			buildConfigurations = (
				59786ED43074531D000C3680 /* Debug configuration for PBXNativeTarget "MonoCodeUITests" */,
				59786ED53074531D000C3680 /* Release configuration for PBXNativeTarget "MonoCodeUITests" */,
			);
			defaultConfigurationName = Release;
		};
/* End XCConfigurationList section */

/* Begin XCLocalSwiftPackageReference section */
		5A0000020000000000000001 /* XCLocalSwiftPackageReference "Packages/MonoDesign" */ = {
			isa = XCLocalSwiftPackageReference;
			relativePath = Packages/MonoDesign;
		};
		5A0000020000000000000004 /* XCLocalSwiftPackageReference "Packages/MonoTranscript" */ = {
			isa = XCLocalSwiftPackageReference;
			relativePath = Packages/MonoTranscript;
		};
/* End XCLocalSwiftPackageReference section */

/* Begin XCSwiftPackageProductDependency section */
		5A0000020000000000000002 /* MonoDesign */ = {
			isa = XCSwiftPackageProductDependency;
			productName = MonoDesign;
		};
		5A0000020000000000000005 /* MonoTranscript */ = {
			isa = XCSwiftPackageProductDependency;
			productName = MonoTranscript;
		};
/* End XCSwiftPackageProductDependency section */
	};
	rootObject = 59786EB530744DAD000C3680 /* Project object */;
	validationLevel = 1;
}
